// !$*UTF8*$!
{
	archiveVersion = 1;
	classes = {
	};
	objectVersion = 56;
	objects = {

/* Begin PBXBuildFile section */
		9B0040902BB231F1008E52FC /* RecipeFinderView.swift in Sources */ = {isa = PBXBuildFile; fileRef = 9B00408F2BB231F1008E52FC /* RecipeFinderView.swift */; };
		9B43CE6D2BB33665003B5537 /* food4.jpg in Resources */ = {isa = PBXBuildFile; fileRef = 9B43CE6C2BB33665003B5537 /* food4.jpg */; };
		9BA23DD52B8B03560051ED50 /* SignInEmailView.swift in Sources */ = {isa = PBXBuildFile; fileRef = 9BA23DD42B8B03560051ED50 /* SignInEmailView.swift */; };
		9BA23DD72B8B05730051ED50 /* AuthenticationManager.swift in Sources */ = {isa = PBXBuildFile; fileRef = 9BA23DD62B8B05730051ED50 /* AuthenticationManager.swift */; };
		9BA23DDB2B8B1B140051ED50 /* food2.jpg in Resources */ = {isa = PBXBuildFile; fileRef = 9BA23DDA2B8B1B140051ED50 /* food2.jpg */; };
		9BEAA1832B870FBB00867430 /* Budget_BitesApp.swift in Sources */ = {isa = PBXBuildFile; fileRef = 9BEAA1822B870FBB00867430 /* Budget_BitesApp.swift */; };
		9BEAA1852B870FBB00867430 /* HomePageView.swift in Sources */ = {isa = PBXBuildFile; fileRef = 9BEAA1842B870FBB00867430 /* HomePageView.swift */; };
		9BEAA1872B870FBE00867430 /* Assets.xcassets in Resources */ = {isa = PBXBuildFile; fileRef = 9BEAA1862B870FBE00867430 /* Assets.xcassets */; };
		9BEAA18A2B870FBE00867430 /* Preview Assets.xcassets in Resources */ = {isa = PBXBuildFile; fileRef = 9BEAA1892B870FBE00867430 /* Preview Assets.xcassets */; };
		9BEAA1952B871CD200867430 /* food.jpg in Resources */ = {isa = PBXBuildFile; fileRef = 9BEAA1942B871CD200867430 /* food.jpg */; };
		9BEAA19D2B8721BE00867430 /* fb.png in Resources */ = {isa = PBXBuildFile; fileRef = 9BEAA19C2B8721BE00867430 /* fb.png */; };
		9BEAA19F2B8721CE00867430 /* ig.png in Resources */ = {isa = PBXBuildFile; fileRef = 9BEAA19E2B8721CE00867430 /* ig.png */; };
		9BEAA1A12B8721ED00867430 /* tw.png in Resources */ = {isa = PBXBuildFile; fileRef = 9BEAA1A02B8721ED00867430 /* tw.png */; };
		9BED72A12B8ACA0B00C0609A /* GoogleService-Info.plist in Resources */ = {isa = PBXBuildFile; fileRef = 9BED72A02B8ACA0B00C0609A /* GoogleService-Info.plist */; };
		9BED72D12B8ACFBC00C0609A /* FirebaseAnalytics in Frameworks */ = {isa = PBXBuildFile; productRef = 9BED72D02B8ACFBC00C0609A /* FirebaseAnalytics */; };
		9BED72D52B8ACFBC00C0609A /* FirebaseAnalyticsSwift in Frameworks */ = {isa = PBXBuildFile; productRef = 9BED72D42B8ACFBC00C0609A /* FirebaseAnalyticsSwift */; };
		9BED72DD2B8ACFBC00C0609A /* FirebaseAuth in Frameworks */ = {isa = PBXBuildFile; productRef = 9BED72DC2B8ACFBC00C0609A /* FirebaseAuth */; };
/* End PBXBuildFile section */

/* Begin PBXFileReference section */
		9B00408F2BB231F1008E52FC /* RecipeFinderView.swift */ = {isa = PBXFileReference; lastKnownFileType = sourcecode.swift; path = RecipeFinderView.swift; sourceTree = "<group>"; };
		9B43CE6C2BB33665003B5537 /* food4.jpg */ = {isa = PBXFileReference; lastKnownFileType = image.jpeg; path = food4.jpg; sourceTree = "<group>"; };
		9BA23DD42B8B03560051ED50 /* SignInEmailView.swift */ = {isa = PBXFileReference; lastKnownFileType = sourcecode.swift; path = SignInEmailView.swift; sourceTree = "<group>"; };
		9BA23DD62B8B05730051ED50 /* AuthenticationManager.swift */ = {isa = PBXFileReference; lastKnownFileType = sourcecode.swift; path = AuthenticationManager.swift; sourceTree = "<group>"; };
		9BA23DDA2B8B1B140051ED50 /* food2.jpg */ = {isa = PBXFileReference; lastKnownFileType = image.jpeg; path = food2.jpg; sourceTree = "<group>"; };
		9BEAA17F2B870FBB00867430 /* Budget Bites.app */ = {isa = PBXFileReference; explicitFileType = wrapper.application; includeInIndex = 0; path = "Budget Bites.app"; sourceTree = BUILT_PRODUCTS_DIR; };
		9BEAA1822B870FBB00867430 /* Budget_BitesApp.swift */ = {isa = PBXFileReference; lastKnownFileType = sourcecode.swift; path = Budget_BitesApp.swift; sourceTree = "<group>"; };
		9BEAA1842B870FBB00867430 /* HomePageView.swift */ = {isa = PBXFileReference; lastKnownFileType = sourcecode.swift; path = HomePageView.swift; sourceTree = "<group>"; };
		9BEAA1862B870FBE00867430 /* Assets.xcassets */ = {isa = PBXFileReference; lastKnownFileType = folder.assetcatalog; path = Assets.xcassets; sourceTree = "<group>"; };
		9BEAA1892B870FBE00867430 /* Preview Assets.xcassets */ = {isa = PBXFileReference; lastKnownFileType = folder.assetcatalog; path = "Preview Assets.xcassets"; sourceTree = "<group>"; };
		9BEAA1942B871CD200867430 /* food.jpg */ = {isa = PBXFileReference; lastKnownFileType = image.jpeg; path = food.jpg; sourceTree = "<group>"; };
		9BEAA19C2B8721BE00867430 /* fb.png */ = {isa = PBXFileReference; lastKnownFileType = image.png; path = fb.png; sourceTree = "<group>"; };
		9BEAA19E2B8721CE00867430 /* ig.png */ = {isa = PBXFileReference; lastKnownFileType = image.png; path = ig.png; sourceTree = "<group>"; };
		9BEAA1A02B8721ED00867430 /* tw.png */ = {isa = PBXFileReference; lastKnownFileType = image.png; path = tw.png; sourceTree = "<group>"; };
		9BED72A02B8ACA0B00C0609A /* GoogleService-Info.plist */ = {isa = PBXFileReference; fileEncoding = 4; lastKnownFileType = text.plist.xml; path = "GoogleService-Info.plist"; sourceTree = "<group>"; };
/* End PBXFileReference section */

/* Begin PBXFrameworksBuildPhase section */
		9BEAA17C2B870FBB00867430 /* Frameworks */ = {
			isa = PBXFrameworksBuildPhase;
			buildActionMask = 2147483647;
			files = (
				9BED72D52B8ACFBC00C0609A /* FirebaseAnalyticsSwift in Frameworks */,
				9BED72D12B8ACFBC00C0609A /* FirebaseAnalytics in Frameworks */,
				9BED72DD2B8ACFBC00C0609A /* FirebaseAuth in Frameworks */,
			);
			runOnlyForDeploymentPostprocessing = 0;
		};
/* End PBXFrameworksBuildPhase section */

/* Begin PBXGroup section */
		9BA23DCE2B8AFAA40051ED50 /* Frameworks */ = {
			isa = PBXGroup;
			children = (
			);
			name = Frameworks;
			sourceTree = "<group>";
		};
		9BA23DD12B8B01590051ED50 /* Authentication */ = {
			isa = PBXGroup;
			children = (
				9BA23DD62B8B05730051ED50 /* AuthenticationManager.swift */,
				9BA23DD42B8B03560051ED50 /* SignInEmailView.swift */,
			);
			path = Authentication;
			sourceTree = "<group>";
		};
		9BEAA1762B870FBB00867430 = {
			isa = PBXGroup;
			children = (
				9BEAA1812B870FBB00867430 /* Budget Bites */,
				9BEAA1802B870FBB00867430 /* Products */,
				9BA23DCE2B8AFAA40051ED50 /* Frameworks */,
			);
			sourceTree = "<group>";
		};
		9BEAA1802B870FBB00867430 /* Products */ = {
			isa = PBXGroup;
			children = (
				9BEAA17F2B870FBB00867430 /* Budget Bites.app */,
			);
			name = Products;
			sourceTree = "<group>";
		};
		9BEAA1812B870FBB00867430 /* Budget Bites */ = {
			isa = PBXGroup;
			children = (
				9B00408F2BB231F1008E52FC /* RecipeFinderView.swift */,
				9BEAA1842B870FBB00867430 /* HomePageView.swift */,
				9BEAA1822B870FBB00867430 /* Budget_BitesApp.swift */,
				9BA23DD12B8B01590051ED50 /* Authentication */,
				9BED72A02B8ACA0B00C0609A /* GoogleService-Info.plist */,
				9BEAA1862B870FBE00867430 /* Assets.xcassets */,
				9BEAA1882B870FBE00867430 /* Preview Content */,
			);
			path = "Budget Bites";
			sourceTree = "<group>";
		};
		9BEAA1882B870FBE00867430 /* Preview Content */ = {
			isa = PBXGroup;
			children = (
				9B43CE6C2BB33665003B5537 /* food4.jpg */,
				9BA23DDA2B8B1B140051ED50 /* food2.jpg */,
				9BEAA1892B870FBE00867430 /* Preview Assets.xcassets */,
				9BEAA1942B871CD200867430 /* food.jpg */,
				9BEAA19C2B8721BE00867430 /* fb.png */,
				9BEAA19E2B8721CE00867430 /* ig.png */,
				9BEAA1A02B8721ED00867430 /* tw.png */,
			);
			path = "Preview Content";
			sourceTree = "<group>";
		};
/* End PBXGroup section */

/* Begin PBXNativeTarget section */
		9BEAA17E2B870FBB00867430 /* Budget Bites */ = {
			isa = PBXNativeTarget;
			buildConfigurationList = 9BEAA18D2B870FBE00867430 /* Build configuration list for PBXNativeTarget "Budget Bites" */;
			buildPhases = (
				9BEAA17B2B870FBB00867430 /* Sources */,
				9BEAA17C2B870FBB00867430 /* Frameworks */,
				9BEAA17D2B870FBB00867430 /* Resources */,
			);
			buildRules = (
			);
			dependencies = (
			);
			name = "Budget Bites";
			packageProductDependencies = (
				9BED72D02B8ACFBC00C0609A /* FirebaseAnalytics */,
				9BED72D42B8ACFBC00C0609A /* FirebaseAnalyticsSwift */,
				9BED72DC2B8ACFBC00C0609A /* FirebaseAuth */,
			);
			productName = "Budget Bites";
			productReference = 9BEAA17F2B870FBB00867430 /* Budget Bites.app */;
			productType = "com.apple.product-type.application";
		};
/* End PBXNativeTarget section */

/* Begin PBXProject section */
		9BEAA1772B870FBB00867430 /* Project object */ = {
			isa = PBXProject;
			attributes = {
				BuildIndependentTargetsInParallel = 1;
				LastSwiftUpdateCheck = 1510;
				LastUpgradeCheck = 1510;
				TargetAttributes = {
					9BEAA17E2B870FBB00867430 = {
						CreatedOnToolsVersion = 15.1;
					};
				};
			};
			buildConfigurationList = 9BEAA17A2B870FBB00867430 /* Build configuration list for PBXProject "Budget Bites" */;
			compatibilityVersion = "Xcode 14.0";
			developmentRegion = en;
			hasScannedForEncodings = 0;
			knownRegions = (
				en,
				Base,
			);
			mainGroup = 9BEAA1762B870FBB00867430;
			packageReferences = (
				9BED72CF2B8ACFBC00C0609A /* XCRemoteSwiftPackageReference "firebase-ios-sdk" */,
			);
			productRefGroup = 9BEAA1802B870FBB00867430 /* Products */;
			projectDirPath = "";
			projectRoot = "";
			targets = (
				9BEAA17E2B870FBB00867430 /* Budget Bites */,
			);
		};
/* End PBXProject section */

/* Begin PBXResourcesBuildPhase section */
		9BEAA17D2B870FBB00867430 /* Resources */ = {
			isa = PBXResourcesBuildPhase;
			buildActionMask = 2147483647;
			files = (
				9BEAA19F2B8721CE00867430 /* ig.png in Resources */,
				9BEAA18A2B870FBE00867430 /* Preview Assets.xcassets in Resources */,
				9BA23DDB2B8B1B140051ED50 /* food2.jpg in Resources */,
				9B43CE6D2BB33665003B5537 /* food4.jpg in Resources */,
				9BEAA19D2B8721BE00867430 /* fb.png in Resources */,
				9BED72A12B8ACA0B00C0609A /* GoogleService-Info.plist in Resources */,
				9BEAA1952B871CD200867430 /* food.jpg in Resources */,
				9BEAA1A12B8721ED00867430 /* tw.png in Resources */,
				9BEAA1872B870FBE00867430 /* Assets.xcassets in Resources */,
			);
			runOnlyForDeploymentPostprocessing = 0;
		};
/* End PBXResourcesBuildPhase section */

/* Begin PBXSourcesBuildPhase section */
		9BEAA17B2B870FBB00867430 /* Sources */ = {
			isa = PBXSourcesBuildPhase;
			buildActionMask = 2147483647;
			files = (
				9BEAA1852B870FBB00867430 /* HomePageView.swift in Sources */,
				9BA23DD72B8B05730051ED50 /* AuthenticationManager.swift in Sources */,
				9B0040902BB231F1008E52FC /* RecipeFinderView.swift in Sources */,
				9BEAA1832B870FBB00867430 /* Budget_BitesApp.swift in Sources */,
				9BA23DD52B8B03560051ED50 /* SignInEmailView.swift in Sources */,
			);
			runOnlyForDeploymentPostprocessing = 0;
		};
/* End PBXSourcesBuildPhase section */

/* Begin XCBuildConfiguration section */
		9BEAA18B2B870FBE00867430 /* Debug */ = {
			isa = XCBuildConfiguration;
			buildSettings = {
				ALWAYS_SEARCH_USER_PATHS = NO;
				ASSETCATALOG_COMPILER_GENERATE_SWIFT_ASSET_SYMBOL_EXTENSIONS = YES;
				CLANG_ANALYZER_NONNULL = YES;
				CLANG_ANALYZER_NUMBER_OBJECT_CONVERSION = YES_AGGRESSIVE;
				CLANG_CXX_LANGUAGE_STANDARD = "gnu++20";
				CLANG_ENABLE_MODULES = YES;
				CLANG_ENABLE_OBJC_ARC = YES;
				CLANG_ENABLE_OBJC_WEAK = YES;
				CLANG_WARN_BLOCK_CAPTURE_AUTORELEASING = YES;
				CLANG_WARN_BOOL_CONVERSION = YES;
				CLANG_WARN_COMMA = YES;
				CLANG_WARN_CONSTANT_CONVERSION = YES;
				CLANG_WARN_DEPRECATED_OBJC_IMPLEMENTATIONS = YES;
				CLANG_WARN_DIRECT_OBJC_ISA_USAGE = YES_ERROR;
				CLANG_WARN_DOCUMENTATION_COMMENTS = YES;
				CLANG_WARN_EMPTY_BODY = YES;
				CLANG_WARN_ENUM_CONVERSION = YES;
				CLANG_WARN_INFINITE_RECURSION = YES;
				CLANG_WARN_INT_CONVERSION = YES;
				CLANG_WARN_NON_LITERAL_NULL_CONVERSION = YES;
				CLANG_WARN_OBJC_IMPLICIT_RETAIN_SELF = YES;
				CLANG_WARN_OBJC_LITERAL_CONVERSION = YES;
				CLANG_WARN_OBJC_ROOT_CLASS = YES_ERROR;
				CLANG_WARN_QUOTED_INCLUDE_IN_FRAMEWORK_HEADER = YES;
				CLANG_WARN_RANGE_LOOP_ANALYSIS = YES;
				CLANG_WARN_STRICT_PROTOTYPES = YES;
				CLANG_WARN_SUSPICIOUS_MOVE = YES;
				CLANG_WARN_UNGUARDED_AVAILABILITY = YES_AGGRESSIVE;
				CLANG_WARN_UNREACHABLE_CODE = YES;
				CLANG_WARN__DUPLICATE_METHOD_MATCH = YES;
				COPY_PHASE_STRIP = NO;
				DEBUG_INFORMATION_FORMAT = dwarf;
				ENABLE_STRICT_OBJC_MSGSEND = YES;
				ENABLE_TESTABILITY = YES;
				ENABLE_USER_SCRIPT_SANDBOXING = YES;
				GCC_C_LANGUAGE_STANDARD = gnu17;
				GCC_DYNAMIC_NO_PIC = NO;
				GCC_NO_COMMON_BLOCKS = YES;
				GCC_OPTIMIZATION_LEVEL = 0;
				GCC_PREPROCESSOR_DEFINITIONS = (
					"DEBUG=1",
					"$(inherited)",
				);
				GCC_WARN_64_TO_32_BIT_CONVERSION = YES;
				GCC_WARN_ABOUT_RETURN_TYPE = YES_ERROR;
				GCC_WARN_UNDECLARED_SELECTOR = YES;
				GCC_WARN_UNINITIALIZED_AUTOS = YES_AGGRESSIVE;
				GCC_WARN_UNUSED_FUNCTION = YES;
				GCC_WARN_UNUSED_VARIABLE = YES;
				IPHONEOS_DEPLOYMENT_TARGET = 17.2;
				LOCALIZATION_PREFERS_STRING_CATALOGS = YES;
				MTL_ENABLE_DEBUG_INFO = INCLUDE_SOURCE;
				MTL_FAST_MATH = YES;
				ONLY_ACTIVE_ARCH = YES;
				SDKROOT = iphoneos;
				SWIFT_ACTIVE_COMPILATION_CONDITIONS = "DEBUG $(inherited)";
				SWIFT_OPTIMIZATION_LEVEL = "-Onone";
			};
			name = Debug;
		};
		9BEAA18C2B870FBE00867430 /* Release */ = {
			isa = XCBuildConfiguration;
			buildSettings = {
				ALWAYS_SEARCH_USER_PATHS = NO;
				ASSETCATALOG_COMPILER_GENERATE_SWIFT_ASSET_SYMBOL_EXTENSIONS = YES;
				CLANG_ANALYZER_NONNULL = YES;
				CLANG_ANALYZER_NUMBER_OBJECT_CONVERSION = YES_AGGRESSIVE;
				CLANG_CXX_LANGUAGE_STANDARD = "gnu++20";
				CLANG_ENABLE_MODULES = YES;
				CLANG_ENABLE_OBJC_ARC = YES;
				CLANG_ENABLE_OBJC_WEAK = YES;
				CLANG_WARN_BLOCK_CAPTURE_AUTORELEASING = YES;
				CLANG_WARN_BOOL_CONVERSION = YES;
				CLANG_WARN_COMMA = YES;
				CLANG_WARN_CONSTANT_CONVERSION = YES;
				CLANG_WARN_DEPRECATED_OBJC_IMPLEMENTATIONS = YES;
				CLANG_WARN_DIRECT_OBJC_ISA_USAGE = YES_ERROR;
				CLANG_WARN_DOCUMENTATION_COMMENTS = YES;
				CLANG_WARN_EMPTY_BODY = YES;
				CLANG_WARN_ENUM_CONVERSION = YES;
				CLANG_WARN_INFINITE_RECURSION = YES;
				CLANG_WARN_INT_CONVERSION = YES;
				CLANG_WARN_NON_LITERAL_NULL_CONVERSION = YES;
				CLANG_WARN_OBJC_IMPLICIT_RETAIN_SELF = YES;
				CLANG_WARN_OBJC_LITERAL_CONVERSION = YES;
				CLANG_WARN_OBJC_ROOT_CLASS = YES_ERROR;
				CLANG_WARN_QUOTED_INCLUDE_IN_FRAMEWORK_HEADER = YES;
				CLANG_WARN_RANGE_LOOP_ANALYSIS = YES;
				CLANG_WARN_STRICT_PROTOTYPES = YES;
				CLANG_WARN_SUSPICIOUS_MOVE = YES;
				CLANG_WARN_UNGUARDED_AVAILABILITY = YES_AGGRESSIVE;
				CLANG_WARN_UNREACHABLE_CODE = YES;
				CLANG_WARN__DUPLICATE_METHOD_MATCH = YES;
				COPY_PHASE_STRIP = NO;
				DEBUG_INFORMATION_FORMAT = "dwarf-with-dsym";
				ENABLE_NS_ASSERTIONS = NO;
				ENABLE_STRICT_OBJC_MSGSEND = YES;
				ENABLE_USER_SCRIPT_SANDBOXING = YES;
				GCC_C_LANGUAGE_STANDARD = gnu17;
				GCC_NO_COMMON_BLOCKS = YES;
				GCC_WARN_64_TO_32_BIT_CONVERSION = YES;
				GCC_WARN_ABOUT_RETURN_TYPE = YES_ERROR;
				GCC_WARN_UNDECLARED_SELECTOR = YES;
				GCC_WARN_UNINITIALIZED_AUTOS = YES_AGGRESSIVE;
				GCC_WARN_UNUSED_FUNCTION = YES;
				GCC_WARN_UNUSED_VARIABLE = YES;
				IPHONEOS_DEPLOYMENT_TARGET = 17.2;
				LOCALIZATION_PREFERS_STRING_CATALOGS = YES;
				MTL_ENABLE_DEBUG_INFO = NO;
				MTL_FAST_MATH = YES;
				SDKROOT = iphoneos;
				SWIFT_COMPILATION_MODE = wholemodule;
				VALIDATE_PRODUCT = YES;
			};
			name = Release;
		};
		9BEAA18E2B870FBE00867430 /* Debug */ = {
			isa = XCBuildConfiguration;
			buildSettings = {
				ASSETCATALOG_COMPILER_APPICON_NAME = AppIcon;
				ASSETCATALOG_COMPILER_GLOBAL_ACCENT_COLOR_NAME = AccentColor;
				CODE_SIGN_STYLE = Automatic;
				CURRENT_PROJECT_VERSION = 1;
				DEVELOPMENT_ASSET_PATHS = "\"Budget Bites/Preview Content\"";
				DEVELOPMENT_TEAM = GM3FNM3475;
				ENABLE_PREVIEWS = YES;
				GENERATE_INFOPLIST_FILE = YES;
				INFOPLIST_KEY_UIApplicationSceneManifest_Generation = YES;
				INFOPLIST_KEY_UIApplicationSupportsIndirectInputEvents = YES;
				INFOPLIST_KEY_UILaunchScreen_Generation = YES;
				INFOPLIST_KEY_UISupportedInterfaceOrientations_iPad = "UIInterfaceOrientationPortrait UIInterfaceOrientationPortraitUpsideDown UIInterfaceOrientationLandscapeLeft UIInterfaceOrientationLandscapeRight";
				INFOPLIST_KEY_UISupportedInterfaceOrientations_iPhone = "UIInterfaceOrientationPortrait UIInterfaceOrientationLandscapeLeft UIInterfaceOrientationLandscapeRight";
				LD_RUNPATH_SEARCH_PATHS = (
					"$(inherited)",
					"@executable_path/Frameworks",
				);
				MARKETING_VERSION = 1.0;
				PRODUCT_BUNDLE_IDENTIFIER = "com.nelsosp.Budget-Bites";
				PRODUCT_NAME = "$(TARGET_NAME)";
				SWIFT_EMIT_LOC_STRINGS = YES;
				SWIFT_VERSION = 5.0;
				TARGETED_DEVICE_FAMILY = "1,2";
			};
			name = Debug;
		};
		9BEAA18F2B870FBE00867430 /* Release */ = {
			isa = XCBuildConfiguration;
			buildSettings = {
				ASSETCATALOG_COMPILER_APPICON_NAME = AppIcon;
				ASSETCATALOG_COMPILER_GLOBAL_ACCENT_COLOR_NAME = AccentColor;
				CODE_SIGN_STYLE = Automatic;
				CURRENT_PROJECT_VERSION = 1;
				DEVELOPMENT_ASSET_PATHS = "\"Budget Bites/Preview Content\"";
				DEVELOPMENT_TEAM = GM3FNM3475;
				ENABLE_PREVIEWS = YES;
				GENERATE_INFOPLIST_FILE = YES;
				INFOPLIST_KEY_UIApplicationSceneManifest_Generation = YES;
				INFOPLIST_KEY_UIApplicationSupportsIndirectInputEvents = YES;
				INFOPLIST_KEY_UILaunchScreen_Generation = YES;
				INFOPLIST_KEY_UISupportedInterfaceOrientations_iPad = "UIInterfaceOrientationPortrait UIInterfaceOrientationPortraitUpsideDown UIInterfaceOrientationLandscapeLeft UIInterfaceOrientationLandscapeRight";
				INFOPLIST_KEY_UISupportedInterfaceOrientations_iPhone = "UIInterfaceOrientationPortrait UIInterfaceOrientationLandscapeLeft UIInterfaceOrientationLandscapeRight";
				LD_RUNPATH_SEARCH_PATHS = (
					"$(inherited)",
					"@executable_path/Frameworks",
				);
				MARKETING_VERSION = 1.0;
				PRODUCT_BUNDLE_IDENTIFIER = "com.nelsosp.Budget-Bites";
				PRODUCT_NAME = "$(TARGET_NAME)";
				SWIFT_EMIT_LOC_STRINGS = YES;
				SWIFT_VERSION = 5.0;
				TARGETED_DEVICE_FAMILY = "1,2";
			};
			name = Release;
		};
/* End XCBuildConfiguration section */

/* Begin XCConfigurationList section */
		9BEAA17A2B870FBB00867430 /* Build configuration list for PBXProject "Budget Bites" */ = {
			isa = XCConfigurationList;
			buildConfigurations = (
				9BEAA18B2B870FBE00867430 /* Debug */,
				9BEAA18C2B870FBE00867430 /* Release */,
			);
			defaultConfigurationIsVisible = 0;
			defaultConfigurationName = Release;
		};
		9BEAA18D2B870FBE00867430 /* Build configuration list for PBXNativeTarget "Budget Bites" */ = {
			isa = XCConfigurationList;
			buildConfigurations = (
				9BEAA18E2B870FBE00867430 /* Debug */,
				9BEAA18F2B870FBE00867430 /* Release */,
			);
			defaultConfigurationIsVisible = 0;
			defaultConfigurationName = Release;
		};
/* End XCConfigurationList section */

/* Begin XCRemoteSwiftPackageReference section */
		9BED72CF2B8ACFBC00C0609A /* XCRemoteSwiftPackageReference "firebase-ios-sdk" */ = {
			isa = XCRemoteSwiftPackageReference;
			repositoryURL = "https://github.com/firebase/firebase-ios-sdk.git";
			requirement = {
				kind = upToNextMajorVersion;
				minimumVersion = 10.21.0;
			};
		};
/* End XCRemoteSwiftPackageReference section */

/* Begin XCSwiftPackageProductDependency section */
		9BED72D02B8ACFBC00C0609A /* FirebaseAnalytics */ = {
			isa = XCSwiftPackageProductDependency;
			package = 9BED72CF2B8ACFBC00C0609A /* XCRemoteSwiftPackageReference "firebase-ios-sdk" */;
			productName = FirebaseAnalytics;
		};
		9BED72D42B8ACFBC00C0609A /* FirebaseAnalyticsSwift */ = {
			isa = XCSwiftPackageProductDependency;
			package = 9BED72CF2B8ACFBC00C0609A /* XCRemoteSwiftPackageReference "firebase-ios-sdk" */;
			productName = FirebaseAnalyticsSwift;
		};
		9BED72DC2B8ACFBC00C0609A /* FirebaseAuth */ = {
			isa = XCSwiftPackageProductDependency;
			package = 9BED72CF2B8ACFBC00C0609A /* XCRemoteSwiftPackageReference "firebase-ios-sdk" */;
			productName = FirebaseAuth;
		};
/* End XCSwiftPackageProductDependency section */
	};
	rootObject = 9BEAA1772B870FBB00867430 /* Project object */;
}
